
Microsoft Visual Studio Solution File, Format Version 12.00
# Visual Studio Version 17
VisualStudioVersion = 17.2.32602.215
MinimumVisualStudioVersion = 10.0.40219.1
Project("{FAE04EC0-301F-11D3-BF4B-00C04F79EFBC}") = "TEACHER", "TEACHER\TEACHER.csproj", "{46941718-7881-4462-8BE6-62EA7CA43D50}"
EndProject
Global
	GlobalSection(SolutionConfigurationPlatforms) = preSolution
		Debug|Any CPU = Debug|Any CPU
		Release|Any CPU = Release|Any CPU
	EndGlobalSection
	GlobalSection(ProjectConfigurationPlatforms) = postSolution
		{46941718-7881-4462-8BE6-62EA7CA43D50}.Debug|Any CPU.ActiveCfg = Debug|Any CPU
		{46941718-7881-4462-8BE6-62EA7CA43D50}.Debug|Any CPU.Build.0 = Debug|Any CPU
		{46941718-7881-4462-8BE6-62EA7CA43D50}.Release|Any CPU.ActiveCfg = Release|Any CPU
		{46941718-7881-4462-8BE6-62EA7CA43D50}.Release|Any CPU.Build.0 = Release|Any CPU
	EndGlobalSection
	GlobalSection(SolutionProperties) = preSolution
		HideSolutionNode = FALSE
	EndGlobalSection
	GlobalSection(ExtensibilityGlobals) = postSolution
		SolutionGuid = {92B749A2-2AEF-4013-A328-7DE14E992AD2}
	EndGlobalSection
EndGlobal
